
Microsoft Visual Studio Solution File, Format Version 12.00
# Visual Studio Version 17
VisualStudioVersion = 17.8.34525.116
MinimumVisualStudioVersion = 10.0.40219.1
Project("{FAE04EC0-301F-11D3-BF4B-00C04F79EFBC}") = "Portfolio", "Portfolio\Portfolio.csproj", "{ADA69386-EB97-4319-A209-F76724DBE4D3}"
EndProject
Global
	GlobalSection(SolutionConfigurationPlatforms) = preSolution
		Debug|Any CPU = Debug|Any CPU
		Release|Any CPU = Release|Any CPU
	EndGlobalSection
	GlobalSection(ProjectConfigurationPlatforms) = postSolution
		{ADA69386-EB97-4319-A209-F76724DBE4D3}.Debug|Any CPU.ActiveCfg = Debug|Any CPU
		{ADA69386-EB97-4319-A209-F76724DBE4D3}.Debug|Any CPU.Build.0 = Debug|Any CPU
		{ADA69386-EB97-4319-A209-F76724DBE4D3}.Release|Any CPU.ActiveCfg = Release|Any CPU
		{ADA69386-EB97-4319-A209-F76724DBE4D3}.Release|Any CPU.Build.0 = Release|Any CPU
	EndGlobalSection
	GlobalSection(SolutionProperties) = preSolution
		HideSolutionNode = FALSE
	EndGlobalSection
	GlobalSection(ExtensibilityGlobals) = postSolution
		SolutionGuid = {C44470D9-B79A-4EB4-AE15-B6646446573C}
	EndGlobalSection
EndGlobal
